
Microsoft Visual Studio Solution File, Format Version 12.00
# Visual Studio Version 16
VisualStudioVersion = 16.0.30611.23
MinimumVisualStudioVersion = 10.0.40219.1
Project("{FAE04EC0-301F-11D3-BF4B-00C04F79EFBC}") = "Task", "Task\Task.csproj", "{F16631A1-F763-4DE1-87D3-823370ADF63D}"
EndProject
Global
	GlobalSection(SolutionConfigurationPlatforms) = preSolution
		Debug|Any CPU = Debug|Any CPU
		Release|Any CPU = Release|Any CPU
	EndGlobalSection
	GlobalSection(ProjectConfigurationPlatforms) = postSolution
		{F16631A1-F763-4DE1-87D3-823370ADF63D}.Debug|Any CPU.ActiveCfg = Debug|Any CPU
		{F16631A1-F763-4DE1-87D3-823370ADF63D}.Debug|Any CPU.Build.0 = Debug|Any CPU
		{F16631A1-F763-4DE1-87D3-823370ADF63D}.Release|Any CPU.ActiveCfg = Release|Any CPU
		{F16631A1-F763-4DE1-87D3-823370ADF63D}.Release|Any CPU.Build.0 = Release|Any CPU
	EndGlobalSection
	GlobalSection(SolutionProperties) = preSolution
		HideSolutionNode = FALSE
	EndGlobalSection
	GlobalSection(ExtensibilityGlobals) = postSolution
		SolutionGuid = {91798884-4F4F-4F73-84E1-225E99F7E4C6}
	EndGlobalSection
EndGlobal
