
Microsoft Visual Studio Solution File, Format Version 12.00
# Visual Studio Version 16
VisualStudioVersion = 16.0.28917.181
MinimumVisualStudioVersion = 10.0.40219.1
Project("{FAE04EC0-301F-11D3-BF4B-00C04F79EFBC}") = "LabTask", "LabTask\LabTask.csproj", "{62E321E0-FA56-44DF-87CA-FB8DAB6271D9}"
EndProject
Global
	GlobalSection(SolutionConfigurationPlatforms) = preSolution
		Debug|Any CPU = Debug|Any CPU
		Release|Any CPU = Release|Any CPU
	EndGlobalSection
	GlobalSection(ProjectConfigurationPlatforms) = postSolution
		{62E321E0-FA56-44DF-87CA-FB8DAB6271D9}.Debug|Any CPU.ActiveCfg = Debug|Any CPU
		{62E321E0-FA56-44DF-87CA-FB8DAB6271D9}.Debug|Any CPU.Build.0 = Debug|Any CPU
		{62E321E0-FA56-44DF-87CA-FB8DAB6271D9}.Release|Any CPU.ActiveCfg = Release|Any CPU
		{62E321E0-FA56-44DF-87CA-FB8DAB6271D9}.Release|Any CPU.Build.0 = Release|Any CPU
	EndGlobalSection
	GlobalSection(SolutionProperties) = preSolution
		HideSolutionNode = FALSE
	EndGlobalSection
	GlobalSection(ExtensibilityGlobals) = postSolution
		SolutionGuid = {A3CB456E-241C-4C7B-94FA-A23BA20FB19A}
	EndGlobalSection
EndGlobal
